
Microsoft Visual Studio Solution File, Format Version 12.00
# Visual Studio Version 16
VisualStudioVersion = 16.0.31105.61
MinimumVisualStudioVersion = 10.0.40219.1
Project("{FAE04EC0-301F-11D3-BF4B-00C04F79EFBC}") = "MyET.Android", "MyET\MyET.Android\MyET.Android.csproj", "{277E11E7-AB32-447B-B63C-535C250162E3}"
EndProject
Project("{FAE04EC0-301F-11D3-BF4B-00C04F79EFBC}") = "MyET.iOS", "MyET\MyET.iOS\MyET.iOS.csproj", "{E803F54D-DEFB-4B58-893E-DC9506EE9F7D}"
EndProject
Project("{9A19103F-16F7-4668-BE54-9A1E7A4F7556}") = "MyET", "MyET\MyET\MyET.csproj", "{D3133C82-40AF-4620-960F-87F71A581D1B}"
EndProject
Project("{2150E333-8FDC-42A3-9474-1A3956D46DE8}") = "Solution Items", "Solution Items", "{E510EE24-8C7B-4E6D-AE0A-3F4812951BF4}"
EndProject
Global
	GlobalSection(SolutionConfigurationPlatforms) = preSolution
		Debug|Any CPU = Debug|Any CPU
		Debug|iPhone = Debug|iPhone
		Debug|iPhoneSimulator = Debug|iPhoneSimulator
		Release|Any CPU = Release|Any CPU
		Release|iPhone = Release|iPhone
		Release|iPhoneSimulator = Release|iPhoneSimulator
	EndGlobalSection
	GlobalSection(ProjectConfigurationPlatforms) = postSolution
		{277E11E7-AB32-447B-B63C-535C250162E3}.Debug|Any CPU.ActiveCfg = Debug|Any CPU
		{277E11E7-AB32-447B-B63C-535C250162E3}.Debug|Any CPU.Build.0 = Debug|Any CPU
		{277E11E7-AB32-447B-B63C-535C250162E3}.Debug|Any CPU.Deploy.0 = Debug|Any CPU
		{277E11E7-AB32-447B-B63C-535C250162E3}.Debug|iPhone.ActiveCfg = Debug|Any CPU
		{277E11E7-AB32-447B-B63C-535C250162E3}.Debug|iPhone.Build.0 = Debug|Any CPU
		{277E11E7-AB32-447B-B63C-535C250162E3}.Debug|iPhone.Deploy.0 = Debug|Any CPU
		{277E11E7-AB32-447B-B63C-535C250162E3}.Debug|iPhoneSimulator.ActiveCfg = Debug|Any CPU
		{277E11E7-AB32-447B-B63C-535C250162E3}.Debug|iPhoneSimulator.Build.0 = Debug|Any CPU
		{277E11E7-AB32-447B-B63C-535C250162E3}.Debug|iPhoneSimulator.Deploy.0 = Debug|Any CPU
		{277E11E7-AB32-447B-B63C-535C250162E3}.Release|Any CPU.ActiveCfg = Release|Any CPU
		{277E11E7-AB32-447B-B63C-535C250162E3}.Release|Any CPU.Build.0 = Release|Any CPU
		{277E11E7-AB32-447B-B63C-535C250162E3}.Release|Any CPU.Deploy.0 = Release|Any CPU
		{277E11E7-AB32-447B-B63C-535C250162E3}.Release|iPhone.ActiveCfg = Release|Any CPU
		{277E11E7-AB32-447B-B63C-535C250162E3}.Release|iPhone.Build.0 = Release|Any CPU
		{277E11E7-AB32-447B-B63C-535C250162E3}.Release|iPhone.Deploy.0 = Release|Any CPU
		{277E11E7-AB32-447B-B63C-535C250162E3}.Release|iPhoneSimulator.ActiveCfg = Release|Any CPU
		{277E11E7-AB32-447B-B63C-535C250162E3}.Release|iPhoneSimulator.Build.0 = Release|Any CPU
		{277E11E7-AB32-447B-B63C-535C250162E3}.Release|iPhoneSimulator.Deploy.0 = Release|Any CPU
		{E803F54D-DEFB-4B58-893E-DC9506EE9F7D}.Debug|Any CPU.ActiveCfg = Debug|iPhone
		{E803F54D-DEFB-4B58-893E-DC9506EE9F7D}.Debug|Any CPU.Build.0 = Debug|iPhone
		{E803F54D-DEFB-4B58-893E-DC9506EE9F7D}.Debug|Any CPU.Deploy.0 = Debug|iPhone
		{E803F54D-DEFB-4B58-893E-DC9506EE9F7D}.Debug|iPhone.ActiveCfg = Debug|iPhone
		{E803F54D-DEFB-4B58-893E-DC9506EE9F7D}.Debug|iPhone.Build.0 = Debug|iPhone
		{E803F54D-DEFB-4B58-893E-DC9506EE9F7D}.Debug|iPhone.Deploy.0 = Debug|iPhone
		{E803F54D-DEFB-4B58-893E-DC9506EE9F7D}.Debug|iPhoneSimulator.ActiveCfg = Debug|iPhoneSimulator
		{E803F54D-DEFB-4B58-893E-DC9506EE9F7D}.Debug|iPhoneSimulator.Build.0 = Debug|iPhoneSimulator
		{E803F54D-DEFB-4B58-893E-DC9506EE9F7D}.Debug|iPhoneSimulator.Deploy.0 = Debug|iPhoneSimulator
		{E803F54D-DEFB-4B58-893E-DC9506EE9F7D}.Release|Any CPU.ActiveCfg = Release|iPhoneSimulator
		{E803F54D-DEFB-4B58-893E-DC9506EE9F7D}.Release|Any CPU.Build.0 = Release|iPhoneSimulator
		{E803F54D-DEFB-4B58-893E-DC9506EE9F7D}.Release|Any CPU.Deploy.0 = Release|iPhoneSimulator
		{E803F54D-DEFB-4B58-893E-DC9506EE9F7D}.Release|iPhone.ActiveCfg = Release|iPhone
		{E803F54D-DEFB-4B58-893E-DC9506EE9F7D}.Release|iPhone.Build.0 = Release|iPhone
		{E803F54D-DEFB-4B58-893E-DC9506EE9F7D}.Release|iPhone.Deploy.0 = Release|iPhone
		{E803F54D-DEFB-4B58-893E-DC9506EE9F7D}.Release|iPhoneSimulator.ActiveCfg = Release|iPhoneSimulator
		{E803F54D-DEFB-4B58-893E-DC9506EE9F7D}.Release|iPhoneSimulator.Build.0 = Release|iPhoneSimulator
		{E803F54D-DEFB-4B58-893E-DC9506EE9F7D}.Release|iPhoneSimulator.Deploy.0 = Release|iPhoneSimulator
		{D3133C82-40AF-4620-960F-87F71A581D1B}.Debug|Any CPU.ActiveCfg = Debug|Any CPU
		{D3133C82-40AF-4620-960F-87F71A581D1B}.Debug|Any CPU.Build.0 = Debug|Any CPU
		{D3133C82-40AF-4620-960F-87F71A581D1B}.Debug|Any CPU.Deploy.0 = Debug|Any CPU
		{D3133C82-40AF-4620-960F-87F71A581D1B}.Debug|iPhone.ActiveCfg = Debug|Any CPU
		{D3133C82-40AF-4620-960F-87F71A581D1B}.Debug|iPhone.Build.0 = Debug|Any CPU
		{D3133C82-40AF-4620-960F-87F71A581D1B}.Debug|iPhone.Deploy.0 = Debug|Any CPU
		{D3133C82-40AF-4620-960F-87F71A581D1B}.Debug|iPhoneSimulator.ActiveCfg = Debug|Any CPU
		{D3133C82-40AF-4620-960F-87F71A581D1B}.Debug|iPhoneSimulator.Build.0 = Debug|Any CPU
		{D3133C82-40AF-4620-960F-87F71A581D1B}.Debug|iPhoneSimulator.Deploy.0 = Debug|Any CPU
		{D3133C82-40AF-4620-960F-87F71A581D1B}.Release|Any CPU.ActiveCfg = Release|Any CPU
		{D3133C82-40AF-4620-960F-87F71A581D1B}.Release|Any CPU.Build.0 = Release|Any CPU
		{D3133C82-40AF-4620-960F-87F71A581D1B}.Release|Any CPU.Deploy.0 = Release|Any CPU
		{D3133C82-40AF-4620-960F-87F71A581D1B}.Release|iPhone.ActiveCfg = Release|Any CPU
		{D3133C82-40AF-4620-960F-87F71A581D1B}.Release|iPhone.Build.0 = Release|Any CPU
		{D3133C82-40AF-4620-960F-87F71A581D1B}.Release|iPhone.Deploy.0 = Release|Any CPU
		{D3133C82-40AF-4620-960F-87F71A581D1B}.Release|iPhoneSimulator.ActiveCfg = Release|Any CPU
		{D3133C82-40AF-4620-960F-87F71A581D1B}.Release|iPhoneSimulator.Build.0 = Release|Any CPU
		{D3133C82-40AF-4620-960F-87F71A581D1B}.Release|iPhoneSimulator.Deploy.0 = Release|Any CPU
	EndGlobalSection
	GlobalSection(SolutionProperties) = preSolution
		HideSolutionNode = FALSE
	EndGlobalSection
	GlobalSection(ExtensibilityGlobals) = postSolution
		SolutionGuid = {9CAFA810-B843-45DB-A0C2-BA7711AC542E}
	EndGlobalSection
EndGlobal
